// !$*UTF8*$!
{
	archiveVersion = 1;
	classes = {
	};
	objectVersion = 50;
	objects = {

/* Begin PBXBuildFile section */
		62D483FB21A01E100030507B /* LeccoShootButton.swift in Sources */ = {isa = PBXBuildFile; fileRef = 62D483FA21A01E100030507B /* LeccoShootButton.swift */; };
		9B50650B21A28C3500403C85 /* RosyWriterCapturePipeline.swift in Sources */ = {isa = PBXBuildFile; fileRef = 9B50650A21A28C3500403C85 /* RosyWriterCapturePipeline.swift */; };
		9B50651221A28C6100403C85 /* RosyWriterRenderer.swift in Sources */ = {isa = PBXBuildFile; fileRef = 9B50650D21A28C5600403C85 /* RosyWriterRenderer.swift */; };
		9B50651321A28C6100403C85 /* RosyWriterOpenCVRenderer.swift in Sources */ = {isa = PBXBuildFile; fileRef = 9B50650E21A28C5700403C85 /* RosyWriterOpenCVRenderer.swift */; };
		9B50651421A28C6100403C85 /* RosyWriterCPURenderer.swift in Sources */ = {isa = PBXBuildFile; fileRef = 9B50650F21A28C5A00403C85 /* RosyWriterCPURenderer.swift */; };
		9B50651521A28C6100403C85 /* RosyWriterCIFilterRenderer.swift in Sources */ = {isa = PBXBuildFile; fileRef = 9B50651021A28C5D00403C85 /* RosyWriterCIFilterRenderer.swift */; };
		9B50651621A28C6100403C85 /* RosyWriterOpenGLRenderer.swift in Sources */ = {isa = PBXBuildFile; fileRef = 9B50651121A28C6000403C85 /* RosyWriterOpenGLRenderer.swift */; };
		9B50651C21A28C8C00403C85 /* ObjC.swift in Sources */ = {isa = PBXBuildFile; fileRef = 9B50651921A28C8900403C85 /* ObjC.swift */; };
		9B50651D21A28C8C00403C85 /* FourCharCode+StringLiteralConvertible.swift in Sources */ = {isa = PBXBuildFile; fileRef = 9B50651A21A28C8A00403C85 /* FourCharCode+StringLiteralConvertible.swift */; };
		9B50651E21A28C8C00403C85 /* NumTypes+Conversion.swift in Sources */ = {isa = PBXBuildFile; fileRef = 9B50651B21A28C8C00403C85 /* NumTypes+Conversion.swift */; };
		9B50652121A28CB700403C85 /* MovieRecorder.swift in Sources */ = {isa = PBXBuildFile; fileRef = 9B50651F21A28CB500403C85 /* MovieRecorder.swift */; };
		9B50652221A28CB700403C85 /* OpenGLPixelBufferView.swift in Sources */ = {isa = PBXBuildFile; fileRef = 9B50652021A28CB700403C85 /* OpenGLPixelBufferView.swift */; };
		9B50652421A28CDB00403C85 /* ShaderUtilities.swift in Sources */ = {isa = PBXBuildFile; fileRef = 9B50652321A28CDB00403C85 /* ShaderUtilities.swift */; };
		9B50652821A29C9800403C85 /* myFilter.fsh in Resources */ = {isa = PBXBuildFile; fileRef = 9B50652621A29C9600403C85 /* myFilter.fsh */; };
		9B50652921A29C9800403C85 /* myFilter.vsh in Resources */ = {isa = PBXBuildFile; fileRef = 9B50652721A29C9800403C85 /* myFilter.vsh */; };
		9B50652B21A2CE2400403C85 /* LeccoVideoMerge.swift in Sources */ = {isa = PBXBuildFile; fileRef = 9B50652A21A2CE2300403C85 /* LeccoVideoMerge.swift */; };
		9B50652E21A3CFCF00403C85 /* LeccoPlayerView.swift in Sources */ = {isa = PBXBuildFile; fileRef = 9B50652D21A3CFCF00403C85 /* LeccoPlayerView.swift */; };
		9B50653121A3D3DB00403C85 /* LeccoEditVideoController.swift in Sources */ = {isa = PBXBuildFile; fileRef = 9B50653021A3D3DB00403C85 /* LeccoEditVideoController.swift */; };
		9B79790721A500FA00B46F50 /* LeccoRecordSegmentView.swift in Sources */ = {isa = PBXBuildFile; fileRef = 9B79790621A500FA00B46F50 /* LeccoRecordSegmentView.swift */; };
		9BD727A6219EA2B400C0C778 /* AppDelegate.swift in Sources */ = {isa = PBXBuildFile; fileRef = 9BD727A5219EA2B400C0C778 /* AppDelegate.swift */; };
		9BD727AD219EA2B700C0C778 /* Assets.xcassets in Resources */ = {isa = PBXBuildFile; fileRef = 9BD727AC219EA2B700C0C778 /* Assets.xcassets */; };
		9BD727B0219EA2B700C0C778 /* LaunchScreen.storyboard in Resources */ = {isa = PBXBuildFile; fileRef = 9BD727AE219EA2B700C0C778 /* LaunchScreen.storyboard */; };
		9BD727DB219EA5F000C0C778 /* LeccoFont.swift in Sources */ = {isa = PBXBuildFile; fileRef = 9BD727D9219EA5F000C0C778 /* LeccoFont.swift */; };
		9BD727DC219EA5F000C0C778 /* LeccoColor.swift in Sources */ = {isa = PBXBuildFile; fileRef = 9BD727DA219EA5F000C0C778 /* LeccoColor.swift */; };
		9BD727DE219EA5F800C0C778 /* LeccoConst.swift in Sources */ = {isa = PBXBuildFile; fileRef = 9BD727DD219EA5F700C0C778 /* LeccoConst.swift */; };
		9BD727E0219EA60300C0C778 /* RootViewController.swift in Sources */ = {isa = PBXBuildFile; fileRef = 9BD727DF219EA60200C0C778 /* RootViewController.swift */; };
		9BD727E3219EA99C00C0C778 /* LeccoAddViewController.swift in Sources */ = {isa = PBXBuildFile; fileRef = 9BD727E2219EA99C00C0C778 /* LeccoAddViewController.swift */; };
		9BD727E5219EAA0B00C0C778 /* LeccoAddFunctionView.swift in Sources */ = {isa = PBXBuildFile; fileRef = 9BD727E4219EAA0B00C0C778 /* LeccoAddFunctionView.swift */; };
		9BD727EC219EAC6D00C0C778 /* LeccoFunctionButton.swift in Sources */ = {isa = PBXBuildFile; fileRef = 9BD727EB219EAC6D00C0C778 /* LeccoFunctionButton.swift */; };
		9BD727EE219EB21C00C0C778 /* LeccoCloseButton.swift in Sources */ = {isa = PBXBuildFile; fileRef = 9BD727ED219EB21C00C0C778 /* LeccoCloseButton.swift */; };
		9BD727F0219EB34C00C0C778 /* LeccoRollButton.swift in Sources */ = {isa = PBXBuildFile; fileRef = 9BD727EF219EB34C00C0C778 /* LeccoRollButton.swift */; };
		9BD727F2219EB48D00C0C778 /* LeccoProgressView.swift in Sources */ = {isa = PBXBuildFile; fileRef = 9BD727F1219EB48D00C0C778 /* LeccoProgressView.swift */; };
		9BD727F5219FB53F00C0C778 /* LeccoCaptureSession.swift in Sources */ = {isa = PBXBuildFile; fileRef = 9BD727F4219FB53F00C0C778 /* LeccoCaptureSession.swift */; };
		BEFFF2DC9642585DEC51B5CC /* Pods_Aweme.framework in Frameworks */ = {isa = PBXBuildFile; fileRef = BD13FF372E84A23903BD218C /* Pods_Aweme.framework */; };
/* End PBXBuildFile section */

/* Begin PBXFileReference section */
		19100EB3166AAF4161481F99 /* Pods-Aweme.release.xcconfig */ = {isa = PBXFileReference; includeInIndex = 1; lastKnownFileType = text.xcconfig; name = "Pods-Aweme.release.xcconfig"; path = "Target Support Files/Pods-Aweme/Pods-Aweme.release.xcconfig"; sourceTree = "<group>"; };
		62D483FA21A01E100030507B /* LeccoShootButton.swift */ = {isa = PBXFileReference; lastKnownFileType = sourcecode.swift; path = LeccoShootButton.swift; sourceTree = "<group>"; };
		906D6783D1AE5327065173FF /* Pods-Aweme.debug.xcconfig */ = {isa = PBXFileReference; includeInIndex = 1; lastKnownFileType = text.xcconfig; name = "Pods-Aweme.debug.xcconfig"; path = "Target Support Files/Pods-Aweme/Pods-Aweme.debug.xcconfig"; sourceTree = "<group>"; };
		9B50650A21A28C3500403C85 /* RosyWriterCapturePipeline.swift */ = {isa = PBXFileReference; fileEncoding = 4; lastKnownFileType = sourcecode.swift; path = RosyWriterCapturePipeline.swift; sourceTree = "<group>"; };
		9B50650D21A28C5600403C85 /* RosyWriterRenderer.swift */ = {isa = PBXFileReference; fileEncoding = 4; lastKnownFileType = sourcecode.swift; path = RosyWriterRenderer.swift; sourceTree = "<group>"; };
		9B50650E21A28C5700403C85 /* RosyWriterOpenCVRenderer.swift */ = {isa = PBXFileReference; fileEncoding = 4; lastKnownFileType = sourcecode.swift; path = RosyWriterOpenCVRenderer.swift; sourceTree = "<group>"; };
		9B50650F21A28C5A00403C85 /* RosyWriterCPURenderer.swift */ = {isa = PBXFileReference; fileEncoding = 4; lastKnownFileType = sourcecode.swift; path = RosyWriterCPURenderer.swift; sourceTree = "<group>"; };
		9B50651021A28C5D00403C85 /* RosyWriterCIFilterRenderer.swift */ = {isa = PBXFileReference; fileEncoding = 4; lastKnownFileType = sourcecode.swift; path = RosyWriterCIFilterRenderer.swift; sourceTree = "<group>"; };
		9B50651121A28C6000403C85 /* RosyWriterOpenGLRenderer.swift */ = {isa = PBXFileReference; fileEncoding = 4; lastKnownFileType = sourcecode.swift; path = RosyWriterOpenGLRenderer.swift; sourceTree = "<group>"; };
		9B50651921A28C8900403C85 /* ObjC.swift */ = {isa = PBXFileReference; fileEncoding = 4; lastKnownFileType = sourcecode.swift; path = ObjC.swift; sourceTree = "<group>"; };
		9B50651A21A28C8A00403C85 /* FourCharCode+StringLiteralConvertible.swift */ = {isa = PBXFileReference; fileEncoding = 4; lastKnownFileType = sourcecode.swift; path = "FourCharCode+StringLiteralConvertible.swift"; sourceTree = "<group>"; };
		9B50651B21A28C8C00403C85 /* NumTypes+Conversion.swift */ = {isa = PBXFileReference; fileEncoding = 4; lastKnownFileType = sourcecode.swift; path = "NumTypes+Conversion.swift"; sourceTree = "<group>"; };
		9B50651F21A28CB500403C85 /* MovieRecorder.swift */ = {isa = PBXFileReference; fileEncoding = 4; lastKnownFileType = sourcecode.swift; path = MovieRecorder.swift; sourceTree = "<group>"; };
		9B50652021A28CB700403C85 /* OpenGLPixelBufferView.swift */ = {isa = PBXFileReference; fileEncoding = 4; lastKnownFileType = sourcecode.swift; path = OpenGLPixelBufferView.swift; sourceTree = "<group>"; };
		9B50652321A28CDB00403C85 /* ShaderUtilities.swift */ = {isa = PBXFileReference; fileEncoding = 4; lastKnownFileType = sourcecode.swift; path = ShaderUtilities.swift; sourceTree = "<group>"; };
		9B50652621A29C9600403C85 /* myFilter.fsh */ = {isa = PBXFileReference; fileEncoding = 4; lastKnownFileType = sourcecode.glsl; path = myFilter.fsh; sourceTree = "<group>"; };
		9B50652721A29C9800403C85 /* myFilter.vsh */ = {isa = PBXFileReference; fileEncoding = 4; lastKnownFileType = sourcecode.glsl; path = myFilter.vsh; sourceTree = "<group>"; };
		9B50652A21A2CE2300403C85 /* LeccoVideoMerge.swift */ = {isa = PBXFileReference; lastKnownFileType = sourcecode.swift; path = LeccoVideoMerge.swift; sourceTree = "<group>"; };
		9B50652D21A3CFCF00403C85 /* LeccoPlayerView.swift */ = {isa = PBXFileReference; lastKnownFileType = sourcecode.swift; path = LeccoPlayerView.swift; sourceTree = "<group>"; };
		9B50653021A3D3DB00403C85 /* LeccoEditVideoController.swift */ = {isa = PBXFileReference; lastKnownFileType = sourcecode.swift; path = LeccoEditVideoController.swift; sourceTree = "<group>"; };
		9B79790621A500FA00B46F50 /* LeccoRecordSegmentView.swift */ = {isa = PBXFileReference; lastKnownFileType = sourcecode.swift; path = LeccoRecordSegmentView.swift; sourceTree = "<group>"; };
		9BD727A2219EA2B400C0C778 /* Aweme.app */ = {isa = PBXFileReference; explicitFileType = wrapper.application; includeInIndex = 0; path = Aweme.app; sourceTree = BUILT_PRODUCTS_DIR; };
		9BD727A5219EA2B400C0C778 /* AppDelegate.swift */ = {isa = PBXFileReference; lastKnownFileType = sourcecode.swift; path = AppDelegate.swift; sourceTree = "<group>"; };
		9BD727AC219EA2B700C0C778 /* Assets.xcassets */ = {isa = PBXFileReference; lastKnownFileType = folder.assetcatalog; path = Assets.xcassets; sourceTree = "<group>"; };
		9BD727AF219EA2B700C0C778 /* Base */ = {isa = PBXFileReference; lastKnownFileType = file.storyboard; name = Base; path = Base.lproj/LaunchScreen.storyboard; sourceTree = "<group>"; };
		9BD727B1219EA2B700C0C778 /* Info.plist */ = {isa = PBXFileReference; lastKnownFileType = text.plist.xml; path = Info.plist; sourceTree = "<group>"; };
		9BD727D9219EA5F000C0C778 /* LeccoFont.swift */ = {isa = PBXFileReference; fileEncoding = 4; lastKnownFileType = sourcecode.swift; path = LeccoFont.swift; sourceTree = "<group>"; };
		9BD727DA219EA5F000C0C778 /* LeccoColor.swift */ = {isa = PBXFileReference; fileEncoding = 4; lastKnownFileType = sourcecode.swift; path = LeccoColor.swift; sourceTree = "<group>"; };
		9BD727DD219EA5F700C0C778 /* LeccoConst.swift */ = {isa = PBXFileReference; fileEncoding = 4; lastKnownFileType = sourcecode.swift; name = LeccoConst.swift; path = "Aweme/New Group/LeccoConst.swift"; sourceTree = SOURCE_ROOT; };
		9BD727DF219EA60200C0C778 /* RootViewController.swift */ = {isa = PBXFileReference; fileEncoding = 4; lastKnownFileType = sourcecode.swift; path = RootViewController.swift; sourceTree = "<group>"; };
		9BD727E2219EA99C00C0C778 /* LeccoAddViewController.swift */ = {isa = PBXFileReference; lastKnownFileType = sourcecode.swift; path = LeccoAddViewController.swift; sourceTree = "<group>"; };
		9BD727E4219EAA0B00C0C778 /* LeccoAddFunctionView.swift */ = {isa = PBXFileReference; lastKnownFileType = sourcecode.swift; path = LeccoAddFunctionView.swift; sourceTree = "<group>"; };
		9BD727EB219EAC6D00C0C778 /* LeccoFunctionButton.swift */ = {isa = PBXFileReference; lastKnownFileType = sourcecode.swift; path = LeccoFunctionButton.swift; sourceTree = "<group>"; };
		9BD727ED219EB21C00C0C778 /* LeccoCloseButton.swift */ = {isa = PBXFileReference; lastKnownFileType = sourcecode.swift; path = LeccoCloseButton.swift; sourceTree = "<group>"; };
		9BD727EF219EB34C00C0C778 /* LeccoRollButton.swift */ = {isa = PBXFileReference; lastKnownFileType = sourcecode.swift; path = LeccoRollButton.swift; sourceTree = "<group>"; };
		9BD727F1219EB48D00C0C778 /* LeccoProgressView.swift */ = {isa = PBXFileReference; lastKnownFileType = sourcecode.swift; path = LeccoProgressView.swift; sourceTree = "<group>"; };
		9BD727F4219FB53F00C0C778 /* LeccoCaptureSession.swift */ = {isa = PBXFileReference; lastKnownFileType = sourcecode.swift; path = LeccoCaptureSession.swift; sourceTree = "<group>"; };
		BD13FF372E84A23903BD218C /* Pods_Aweme.framework */ = {isa = PBXFileReference; explicitFileType = wrapper.framework; includeInIndex = 0; path = Pods_Aweme.framework; sourceTree = BUILT_PRODUCTS_DIR; };
/* End PBXFileReference section */

/* Begin PBXFrameworksBuildPhase section */
		9BD7279F219EA2B400C0C778 /* Frameworks */ = {
			isa = PBXFrameworksBuildPhase;
			buildActionMask = 2147483647;
			files = (
				BEFFF2DC9642585DEC51B5CC /* Pods_Aweme.framework in Frameworks */,
			);
			runOnlyForDeploymentPostprocessing = 0;
		};
/* End PBXFrameworksBuildPhase section */

/* Begin PBXGroup section */
		406BEC05512C2E630AC6ED34 /* Pods */ = {
			isa = PBXGroup;
			children = (
				906D6783D1AE5327065173FF /* Pods-Aweme.debug.xcconfig */,
				19100EB3166AAF4161481F99 /* Pods-Aweme.release.xcconfig */,
			);
			path = Pods;
			sourceTree = "<group>";
		};
		8CEE762F15B80D14E60841AE /* Frameworks */ = {
			isa = PBXGroup;
			children = (
				BD13FF372E84A23903BD218C /* Pods_Aweme.framework */,
			);
			name = Frameworks;
			sourceTree = "<group>";
		};
		9B50650921A28C1900403C85 /* RosyWriter */ = {
			isa = PBXGroup;
			children = (
				9B50652521A29C8B00403C85 /* Shaders */,
				9B50651821A28C7A00403C85 /* OOPUtils */,
				9B50651721A28C7000403C85 /* Utilities */,
				9B50650C21A28C4500403C85 /* Renderers */,
				9B50650A21A28C3500403C85 /* RosyWriterCapturePipeline.swift */,
			);
			path = RosyWriter;
			sourceTree = "<group>";
		};
		9B50650C21A28C4500403C85 /* Renderers */ = {
			isa = PBXGroup;
			children = (
				9B50651021A28C5D00403C85 /* RosyWriterCIFilterRenderer.swift */,
				9B50650F21A28C5A00403C85 /* RosyWriterCPURenderer.swift */,
				9B50650E21A28C5700403C85 /* RosyWriterOpenCVRenderer.swift */,
				9B50651121A28C6000403C85 /* RosyWriterOpenGLRenderer.swift */,
				9B50650D21A28C5600403C85 /* RosyWriterRenderer.swift */,
			);
			path = Renderers;
			sourceTree = "<group>";
		};
		9B50651721A28C7000403C85 /* Utilities */ = {
			isa = PBXGroup;
			children = (
				9B50651F21A28CB500403C85 /* MovieRecorder.swift */,
				9B50652321A28CDB00403C85 /* ShaderUtilities.swift */,
				9B50652021A28CB700403C85 /* OpenGLPixelBufferView.swift */,
				9B50652A21A2CE2300403C85 /* LeccoVideoMerge.swift */,
			);
			path = Utilities;
			sourceTree = "<group>";
		};
		9B50651821A28C7A00403C85 /* OOPUtils */ = {
			isa = PBXGroup;
			children = (
				9B50651A21A28C8A00403C85 /* FourCharCode+StringLiteralConvertible.swift */,
				9B50651B21A28C8C00403C85 /* NumTypes+Conversion.swift */,
				9B50651921A28C8900403C85 /* ObjC.swift */,
			);
			path = OOPUtils;
			sourceTree = "<group>";
		};
		9B50652521A29C8B00403C85 /* Shaders */ = {
			isa = PBXGroup;
			children = (
				9B50652621A29C9600403C85 /* myFilter.fsh */,
				9B50652721A29C9800403C85 /* myFilter.vsh */,
			);
			path = Shaders;
			sourceTree = "<group>";
		};
		9B50652C21A3CECE00403C85 /* LeccoPlayerView */ = {
			isa = PBXGroup;
			children = (
				9B50652D21A3CFCF00403C85 /* LeccoPlayerView.swift */,
			);
			path = LeccoPlayerView;
			sourceTree = "<group>";
		};
		9B50652F21A3D3AD00403C85 /* EditVideoModule */ = {
			isa = PBXGroup;
			children = (
				9B50653021A3D3DB00403C85 /* LeccoEditVideoController.swift */,
			);
			path = EditVideoModule;
			sourceTree = "<group>";
		};
		9BD72799219EA2B400C0C778 = {
			isa = PBXGroup;
			children = (
				9BD727A4219EA2B400C0C778 /* Aweme */,
				9BD727A3219EA2B400C0C778 /* Products */,
				406BEC05512C2E630AC6ED34 /* Pods */,
				8CEE762F15B80D14E60841AE /* Frameworks */,
			);
			sourceTree = "<group>";
		};
		9BD727A3219EA2B400C0C778 /* Products */ = {
			isa = PBXGroup;
			children = (
				9BD727A2219EA2B400C0C778 /* Aweme.app */,
			);
			name = Products;
			sourceTree = "<group>";
		};
		9BD727A4219EA2B400C0C778 /* Aweme */ = {
			isa = PBXGroup;
			children = (
				9BD727CF219EA4F700C0C778 /* Modules */,
				9BD727A5219EA2B400C0C778 /* AppDelegate.swift */,
				9BD727DF219EA60200C0C778 /* RootViewController.swift */,
				9BD727AC219EA2B700C0C778 /* Assets.xcassets */,
				9BD727AE219EA2B700C0C778 /* LaunchScreen.storyboard */,
				9BD727B1219EA2B700C0C778 /* Info.plist */,
			);
			path = Aweme;
			sourceTree = "<group>";
		};
		9BD727CF219EA4F700C0C778 /* Modules */ = {
			isa = PBXGroup;
			children = (
				9B50652F21A3D3AD00403C85 /* EditVideoModule */,
				9B50652C21A3CECE00403C85 /* LeccoPlayerView */,
				9BD727F3219FB50A00C0C778 /* LeccoCaptureSession */,
				9BD727E1219EA92F00C0C778 /* AddModule */,
				9BD727DD219EA5F700C0C778 /* LeccoConst.swift */,
				9BD727D0219EA4FD00C0C778 /* Category */,
			);
			path = Modules;
			sourceTree = "<group>";
		};
		9BD727D0219EA4FD00C0C778 /* Category */ = {
			isa = PBXGroup;
			children = (
				9BD727DA219EA5F000C0C778 /* LeccoColor.swift */,
				9BD727D9219EA5F000C0C778 /* LeccoFont.swift */,
			);
			name = Category;
			path = "../New Group/Category";
			sourceTree = "<group>";
		};
		9BD727E1219EA92F00C0C778 /* AddModule */ = {
			isa = PBXGroup;
			children = (
				9BD727E8219EABB800C0C778 /* View */,
				9BD727E2219EA99C00C0C778 /* LeccoAddViewController.swift */,
			);
			path = AddModule;
			sourceTree = "<group>";
		};
		9BD727E8219EABB800C0C778 /* View */ = {
			isa = PBXGroup;
			children = (
				9BD727E4219EAA0B00C0C778 /* LeccoAddFunctionView.swift */,
				9BD727EB219EAC6D00C0C778 /* LeccoFunctionButton.swift */,
				9BD727ED219EB21C00C0C778 /* LeccoCloseButton.swift */,
				9BD727EF219EB34C00C0C778 /* LeccoRollButton.swift */,
				9BD727F1219EB48D00C0C778 /* LeccoProgressView.swift */,
				62D483FA21A01E100030507B /* LeccoShootButton.swift */,
				9B79790621A500FA00B46F50 /* LeccoRecordSegmentView.swift */,
			);
			path = View;
			sourceTree = "<group>";
		};
		9BD727F3219FB50A00C0C778 /* LeccoCaptureSession */ = {
			isa = PBXGroup;
			children = (
				9B50650921A28C1900403C85 /* RosyWriter */,
				9BD727F4219FB53F00C0C778 /* LeccoCaptureSession.swift */,
			);
			path = LeccoCaptureSession;
			sourceTree = "<group>";
		};
/* End PBXGroup section */

/* Begin PBXNativeTarget section */
		9BD727A1219EA2B400C0C778 /* Aweme */ = {
			isa = PBXNativeTarget;
			buildConfigurationList = 9BD727B4219EA2B700C0C778 /* Build configuration list for PBXNativeTarget "Aweme" */;
			buildPhases = (
				86DC2003B65BD89FE9C9118D /* [CP] Check Pods Manifest.lock */,
				9BD7279E219EA2B400C0C778 /* Sources */,
				9BD7279F219EA2B400C0C778 /* Frameworks */,
				9BD727A0219EA2B400C0C778 /* Resources */,
				CD1D639839A7463985DCAC28 /* [CP] Embed Pods Frameworks */,
			);
			buildRules = (
			);
			dependencies = (
			);
			name = Aweme;
			productName = Aweme;
			productReference = 9BD727A2219EA2B400C0C778 /* Aweme.app */;
			productType = "com.apple.product-type.application";
		};
/* End PBXNativeTarget section */

/* Begin PBXProject section */
		9BD7279A219EA2B400C0C778 /* Project object */ = {
			isa = PBXProject;
			attributes = {
				LastSwiftUpdateCheck = 1010;
				LastUpgradeCheck = 1010;
				ORGANIZATIONNAME = lecco;
				TargetAttributes = {
					9BD727A1219EA2B400C0C778 = {
						CreatedOnToolsVersion = 10.1;
					};
				};
			};
			buildConfigurationList = 9BD7279D219EA2B400C0C778 /* Build configuration list for PBXProject "Aweme" */;
			compatibilityVersion = "Xcode 9.3";
			developmentRegion = en;
			hasScannedForEncodings = 0;
			knownRegions = (
				en,
				Base,
			);
			mainGroup = 9BD72799219EA2B400C0C778;
			productRefGroup = 9BD727A3219EA2B400C0C778 /* Products */;
			projectDirPath = "";
			projectRoot = "";
			targets = (
				9BD727A1219EA2B400C0C778 /* Aweme */,
			);
		};
/* End PBXProject section */

/* Begin PBXResourcesBuildPhase section */
		9BD727A0219EA2B400C0C778 /* Resources */ = {
			isa = PBXResourcesBuildPhase;
			buildActionMask = 2147483647;
			files = (
				9BD727B0219EA2B700C0C778 /* LaunchScreen.storyboard in Resources */,
				9BD727AD219EA2B700C0C778 /* Assets.xcassets in Resources */,
				9B50652821A29C9800403C85 /* myFilter.fsh in Resources */,
				9B50652921A29C9800403C85 /* myFilter.vsh in Resources */,
			);
			runOnlyForDeploymentPostprocessing = 0;
		};
/* End PBXResourcesBuildPhase section */

/* Begin PBXShellScriptBuildPhase section */
		86DC2003B65BD89FE9C9118D /* [CP] Check Pods Manifest.lock */ = {
			isa = PBXShellScriptBuildPhase;
			buildActionMask = 2147483647;
			files = (
			);
			inputFileListPaths = (
			);
			inputPaths = (
				"${PODS_PODFILE_DIR_PATH}/Podfile.lock",
				"${PODS_ROOT}/Manifest.lock",
			);
			name = "[CP] Check Pods Manifest.lock";
			outputFileListPaths = (
			);
			outputPaths = (
				"$(DERIVED_FILE_DIR)/Pods-Aweme-checkManifestLockResult.txt",
			);
			runOnlyForDeploymentPostprocessing = 0;
			shellPath = /bin/sh;
			shellScript = "diff \"${PODS_PODFILE_DIR_PATH}/Podfile.lock\" \"${PODS_ROOT}/Manifest.lock\" > /dev/null\nif [ $? != 0 ] ; then\n    # print error to STDERR\n    echo \"error: The sandbox is not in sync with the Podfile.lock. Run 'pod install' or update your CocoaPods installation.\" >&2\n    exit 1\nfi\n# This output is used by Xcode 'outputs' to avoid re-running this script phase.\necho \"SUCCESS\" > \"${SCRIPT_OUTPUT_FILE_0}\"\n";
			showEnvVarsInLog = 0;
		};
		CD1D639839A7463985DCAC28 /* [CP] Embed Pods Frameworks */ = {
			isa = PBXShellScriptBuildPhase;
			buildActionMask = 2147483647;
			files = (
			);
			inputFileListPaths = (
			);
			inputPaths = (
				"${PODS_ROOT}/Target Support Files/Pods-Aweme/Pods-Aweme-frameworks.sh",
				"${BUILT_PRODUCTS_DIR}/Alamofire/Alamofire.framework",
				"${BUILT_PRODUCTS_DIR}/Alamofire-SwiftyJSON/Alamofire_SwiftyJSON.framework",
				"${BUILT_PRODUCTS_DIR}/Charts/Charts.framework",
				"${BUILT_PRODUCTS_DIR}/CircleProgressView/CircleProgressView.framework",
				"${BUILT_PRODUCTS_DIR}/DynamicColor/DynamicColor.framework",
				"${BUILT_PRODUCTS_DIR}/EVGPUImage2/EVGPUImage2.framework",
				"${BUILT_PRODUCTS_DIR}/FSPagerView/FSPagerView.framework",
				"${BUILT_PRODUCTS_DIR}/HandyJSON/HandyJSON.framework",
				"${BUILT_PRODUCTS_DIR}/Hue/Hue.framework",
				"${BUILT_PRODUCTS_DIR}/IQKeyboardManagerSwift/IQKeyboardManagerSwift.framework",
				"${BUILT_PRODUCTS_DIR}/Kingfisher/Kingfisher.framework",
				"${BUILT_PRODUCTS_DIR}/PagingKit/PagingKit.framework",
				"${BUILT_PRODUCTS_DIR}/RAMAnimatedTabBarController/RAMAnimatedTabBarController.framework",
				"${BUILT_PRODUCTS_DIR}/RxAtomic/RxAtomic.framework",
				"${BUILT_PRODUCTS_DIR}/RxCocoa/RxCocoa.framework",
				"${BUILT_PRODUCTS_DIR}/RxSwift/RxSwift.framework",
				"${BUILT_PRODUCTS_DIR}/SDWebImage/SDWebImage.framework",
				"${BUILT_PRODUCTS_DIR}/SHFullscreenPopGestureSwift/SHFullscreenPopGestureSwift.framework",
				"${BUILT_PRODUCTS_DIR}/Segmentio/Segmentio.framework",
				"${BUILT_PRODUCTS_DIR}/SkeletonView/SkeletonView.framework",
				"${BUILT_PRODUCTS_DIR}/SnapKit/SnapKit.framework",
				"${BUILT_PRODUCTS_DIR}/SwiftyJSON/SwiftyJSON.framework",
				"${BUILT_PRODUCTS_DIR}/URLNavigator/URLNavigator.framework",
				"${BUILT_PRODUCTS_DIR}/WKWebViewJavascriptBridge/WKWebViewJavascriptBridge.framework",
			);
			name = "[CP] Embed Pods Frameworks";
			outputFileListPaths = (
			);
			outputPaths = (
				"${TARGET_BUILD_DIR}/${FRAMEWORKS_FOLDER_PATH}/Alamofire.framework",
				"${TARGET_BUILD_DIR}/${FRAMEWORKS_FOLDER_PATH}/Alamofire_SwiftyJSON.framework",
				"${TARGET_BUILD_DIR}/${FRAMEWORKS_FOLDER_PATH}/Charts.framework",
				"${TARGET_BUILD_DIR}/${FRAMEWORKS_FOLDER_PATH}/CircleProgressView.framework",
				"${TARGET_BUILD_DIR}/${FRAMEWORKS_FOLDER_PATH}/DynamicColor.framework",
				"${TARGET_BUILD_DIR}/${FRAMEWORKS_FOLDER_PATH}/EVGPUImage2.framework",
				"${TARGET_BUILD_DIR}/${FRAMEWORKS_FOLDER_PATH}/FSPagerView.framework",
				"${TARGET_BUILD_DIR}/${FRAMEWORKS_FOLDER_PATH}/HandyJSON.framework",
				"${TARGET_BUILD_DIR}/${FRAMEWORKS_FOLDER_PATH}/Hue.framework",
				"${TARGET_BUILD_DIR}/${FRAMEWORKS_FOLDER_PATH}/IQKeyboardManagerSwift.framework",
				"${TARGET_BUILD_DIR}/${FRAMEWORKS_FOLDER_PATH}/Kingfisher.framework",
				"${TARGET_BUILD_DIR}/${FRAMEWORKS_FOLDER_PATH}/PagingKit.framework",
				"${TARGET_BUILD_DIR}/${FRAMEWORKS_FOLDER_PATH}/RAMAnimatedTabBarController.framework",
				"${TARGET_BUILD_DIR}/${FRAMEWORKS_FOLDER_PATH}/RxAtomic.framework",
				"${TARGET_BUILD_DIR}/${FRAMEWORKS_FOLDER_PATH}/RxCocoa.framework",
				"${TARGET_BUILD_DIR}/${FRAMEWORKS_FOLDER_PATH}/RxSwift.framework",
				"${TARGET_BUILD_DIR}/${FRAMEWORKS_FOLDER_PATH}/SDWebImage.framework",
				"${TARGET_BUILD_DIR}/${FRAMEWORKS_FOLDER_PATH}/SHFullscreenPopGestureSwift.framework",
				"${TARGET_BUILD_DIR}/${FRAMEWORKS_FOLDER_PATH}/Segmentio.framework",
				"${TARGET_BUILD_DIR}/${FRAMEWORKS_FOLDER_PATH}/SkeletonView.framework",
				"${TARGET_BUILD_DIR}/${FRAMEWORKS_FOLDER_PATH}/SnapKit.framework",
				"${TARGET_BUILD_DIR}/${FRAMEWORKS_FOLDER_PATH}/SwiftyJSON.framework",
				"${TARGET_BUILD_DIR}/${FRAMEWORKS_FOLDER_PATH}/URLNavigator.framework",
				"${TARGET_BUILD_DIR}/${FRAMEWORKS_FOLDER_PATH}/WKWebViewJavascriptBridge.framework",
			);
			runOnlyForDeploymentPostprocessing = 0;
			shellPath = /bin/sh;
			shellScript = "\"${PODS_ROOT}/Target Support Files/Pods-Aweme/Pods-Aweme-frameworks.sh\"\n";
			showEnvVarsInLog = 0;
		};
/* End PBXShellScriptBuildPhase section */

/* Begin PBXSourcesBuildPhase section */
		9BD7279E219EA2B400C0C778 /* Sources */ = {
			isa = PBXSourcesBuildPhase;
			buildActionMask = 2147483647;
			files = (
				62D483FB21A01E100030507B /* LeccoShootButton.swift in Sources */,
				9BD727DE219EA5F800C0C778 /* LeccoConst.swift in Sources */,
				9B50651E21A28C8C00403C85 /* NumTypes+Conversion.swift in Sources */,
				9B50652B21A2CE2400403C85 /* LeccoVideoMerge.swift in Sources */,
				9BD727E3219EA99C00C0C778 /* LeccoAddViewController.swift in Sources */,
				9B50651C21A28C8C00403C85 /* ObjC.swift in Sources */,
				9BD727DC219EA5F000C0C778 /* LeccoColor.swift in Sources */,
				9BD727F2219EB48D00C0C778 /* LeccoProgressView.swift in Sources */,
				9B50651321A28C6100403C85 /* RosyWriterOpenCVRenderer.swift in Sources */,
				9BD727E0219EA60300C0C778 /* RootViewController.swift in Sources */,
				9BD727EC219EAC6D00C0C778 /* LeccoFunctionButton.swift in Sources */,
				9B50652221A28CB700403C85 /* OpenGLPixelBufferView.swift in Sources */,
				9B50651521A28C6100403C85 /* RosyWriterCIFilterRenderer.swift in Sources */,
				9BD727F5219FB53F00C0C778 /* LeccoCaptureSession.swift in Sources */,
				9B50650B21A28C3500403C85 /* RosyWriterCapturePipeline.swift in Sources */,
				9BD727E5219EAA0B00C0C778 /* LeccoAddFunctionView.swift in Sources */,
				9BD727EE219EB21C00C0C778 /* LeccoCloseButton.swift in Sources */,
				9B50652421A28CDB00403C85 /* ShaderUtilities.swift in Sources */,
				9B50651D21A28C8C00403C85 /* FourCharCode+StringLiteralConvertible.swift in Sources */,
				9BD727DB219EA5F000C0C778 /* LeccoFont.swift in Sources */,
				9B79790721A500FA00B46F50 /* LeccoRecordSegmentView.swift in Sources */,
				9B50653121A3D3DB00403C85 /* LeccoEditVideoController.swift in Sources */,
				9B50652121A28CB700403C85 /* MovieRecorder.swift in Sources */,
				9B50651221A28C6100403C85 /* RosyWriterRenderer.swift in Sources */,
				9B50651421A28C6100403C85 /* RosyWriterCPURenderer.swift in Sources */,
				9B50651621A28C6100403C85 /* RosyWriterOpenGLRenderer.swift in Sources */,
				9BD727A6219EA2B400C0C778 /* AppDelegate.swift in Sources */,
				9B50652E21A3CFCF00403C85 /* LeccoPlayerView.swift in Sources */,
				9BD727F0219EB34C00C0C778 /* LeccoRollButton.swift in Sources */,
			);
			runOnlyForDeploymentPostprocessing = 0;
		};
/* End PBXSourcesBuildPhase section */

/* Begin PBXVariantGroup section */
		9BD727AE219EA2B700C0C778 /* LaunchScreen.storyboard */ = {
			isa = PBXVariantGroup;
			children = (
				9BD727AF219EA2B700C0C778 /* Base */,
			);
			name = LaunchScreen.storyboard;
			sourceTree = "<group>";
		};
/* End PBXVariantGroup section */

/* Begin XCBuildConfiguration section */
		9BD727B2219EA2B700C0C778 /* Debug */ = {
			isa = XCBuildConfiguration;
			buildSettings = {
				ALWAYS_SEARCH_USER_PATHS = NO;
				CLANG_ANALYZER_NONNULL = YES;
				CLANG_ANALYZER_NUMBER_OBJECT_CONVERSION = YES_AGGRESSIVE;
				CLANG_CXX_LANGUAGE_STANDARD = "gnu++14";
				CLANG_CXX_LIBRARY = "libc++";
				CLANG_ENABLE_MODULES = YES;
				CLANG_ENABLE_OBJC_ARC = YES;
				CLANG_ENABLE_OBJC_WEAK = YES;
				CLANG_WARN_BLOCK_CAPTURE_AUTORELEASING = YES;
				CLANG_WARN_BOOL_CONVERSION = YES;
				CLANG_WARN_COMMA = YES;
				CLANG_WARN_CONSTANT_CONVERSION = YES;
				CLANG_WARN_DEPRECATED_OBJC_IMPLEMENTATIONS = YES;
				CLANG_WARN_DIRECT_OBJC_ISA_USAGE = YES_ERROR;
				CLANG_WARN_DOCUMENTATION_COMMENTS = YES;
				CLANG_WARN_EMPTY_BODY = YES;
				CLANG_WARN_ENUM_CONVERSION = YES;
				CLANG_WARN_INFINITE_RECURSION = YES;
				CLANG_WARN_INT_CONVERSION = YES;
				CLANG_WARN_NON_LITERAL_NULL_CONVERSION = YES;
				CLANG_WARN_OBJC_IMPLICIT_RETAIN_SELF = YES;
				CLANG_WARN_OBJC_LITERAL_CONVERSION = YES;
				CLANG_WARN_OBJC_ROOT_CLASS = YES_ERROR;
				CLANG_WARN_RANGE_LOOP_ANALYSIS = YES;
				CLANG_WARN_STRICT_PROTOTYPES = YES;
				CLANG_WARN_SUSPICIOUS_MOVE = YES;
				CLANG_WARN_UNGUARDED_AVAILABILITY = YES_AGGRESSIVE;
				CLANG_WARN_UNREACHABLE_CODE = YES;
				CLANG_WARN__DUPLICATE_METHOD_MATCH = YES;
				CODE_SIGN_IDENTITY = "iPhone Developer";
				COPY_PHASE_STRIP = NO;
				DEBUG_INFORMATION_FORMAT = dwarf;
				ENABLE_STRICT_OBJC_MSGSEND = YES;
				ENABLE_TESTABILITY = YES;
				GCC_C_LANGUAGE_STANDARD = gnu11;
				GCC_DYNAMIC_NO_PIC = NO;
				GCC_NO_COMMON_BLOCKS = YES;
				GCC_OPTIMIZATION_LEVEL = 0;
				GCC_PREPROCESSOR_DEFINITIONS = (
					"DEBUG=1",
					"$(inherited)",
				);
				GCC_WARN_64_TO_32_BIT_CONVERSION = YES;
				GCC_WARN_ABOUT_RETURN_TYPE = YES_ERROR;
				GCC_WARN_UNDECLARED_SELECTOR = YES;
				GCC_WARN_UNINITIALIZED_AUTOS = YES_AGGRESSIVE;
				GCC_WARN_UNUSED_FUNCTION = YES;
				GCC_WARN_UNUSED_VARIABLE = YES;
				IPHONEOS_DEPLOYMENT_TARGET = 12.1;
				MTL_ENABLE_DEBUG_INFO = INCLUDE_SOURCE;
				MTL_FAST_MATH = YES;
				ONLY_ACTIVE_ARCH = YES;
				SDKROOT = iphoneos;
				SWIFT_ACTIVE_COMPILATION_CONDITIONS = DEBUG;
				SWIFT_OPTIMIZATION_LEVEL = "-Onone";
			};
			name = Debug;
		};
		9BD727B3219EA2B700C0C778 /* Release */ = {
			isa = XCBuildConfiguration;
			buildSettings = {
				ALWAYS_SEARCH_USER_PATHS = NO;
				CLANG_ANALYZER_NONNULL = YES;
				CLANG_ANALYZER_NUMBER_OBJECT_CONVERSION = YES_AGGRESSIVE;
				CLANG_CXX_LANGUAGE_STANDARD = "gnu++14";
				CLANG_CXX_LIBRARY = "libc++";
				CLANG_ENABLE_MODULES = YES;
				CLANG_ENABLE_OBJC_ARC = YES;
				CLANG_ENABLE_OBJC_WEAK = YES;
				CLANG_WARN_BLOCK_CAPTURE_AUTORELEASING = YES;
				CLANG_WARN_BOOL_CONVERSION = YES;
				CLANG_WARN_COMMA = YES;
				CLANG_WARN_CONSTANT_CONVERSION = YES;
				CLANG_WARN_DEPRECATED_OBJC_IMPLEMENTATIONS = YES;
				CLANG_WARN_DIRECT_OBJC_ISA_USAGE = YES_ERROR;
				CLANG_WARN_DOCUMENTATION_COMMENTS = YES;
				CLANG_WARN_EMPTY_BODY = YES;
				CLANG_WARN_ENUM_CONVERSION = YES;
				CLANG_WARN_INFINITE_RECURSION = YES;
				CLANG_WARN_INT_CONVERSION = YES;
				CLANG_WARN_NON_LITERAL_NULL_CONVERSION = YES;
				CLANG_WARN_OBJC_IMPLICIT_RETAIN_SELF = YES;
				CLANG_WARN_OBJC_LITERAL_CONVERSION = YES;
				CLANG_WARN_OBJC_ROOT_CLASS = YES_ERROR;
				CLANG_WARN_RANGE_LOOP_ANALYSIS = YES;
				CLANG_WARN_STRICT_PROTOTYPES = YES;
				CLANG_WARN_SUSPICIOUS_MOVE = YES;
				CLANG_WARN_UNGUARDED_AVAILABILITY = YES_AGGRESSIVE;
				CLANG_WARN_UNREACHABLE_CODE = YES;
				CLANG_WARN__DUPLICATE_METHOD_MATCH = YES;
				CODE_SIGN_IDENTITY = "iPhone Developer";
				COPY_PHASE_STRIP = NO;
				DEBUG_INFORMATION_FORMAT = "dwarf-with-dsym";
				ENABLE_NS_ASSERTIONS = NO;
				ENABLE_STRICT_OBJC_MSGSEND = YES;
				GCC_C_LANGUAGE_STANDARD = gnu11;
				GCC_NO_COMMON_BLOCKS = YES;
				GCC_WARN_64_TO_32_BIT_CONVERSION = YES;
				GCC_WARN_ABOUT_RETURN_TYPE = YES_ERROR;
				GCC_WARN_UNDECLARED_SELECTOR = YES;
				GCC_WARN_UNINITIALIZED_AUTOS = YES_AGGRESSIVE;
				GCC_WARN_UNUSED_FUNCTION = YES;
				GCC_WARN_UNUSED_VARIABLE = YES;
				IPHONEOS_DEPLOYMENT_TARGET = 12.1;
				MTL_ENABLE_DEBUG_INFO = NO;
				MTL_FAST_MATH = YES;
				SDKROOT = iphoneos;
				SWIFT_COMPILATION_MODE = wholemodule;
				SWIFT_OPTIMIZATION_LEVEL = "-O";
				VALIDATE_PRODUCT = YES;
			};
			name = Release;
		};
		9BD727B5219EA2B700C0C778 /* Debug */ = {
			isa = XCBuildConfiguration;
			baseConfigurationReference = 906D6783D1AE5327065173FF /* Pods-Aweme.debug.xcconfig */;
			buildSettings = {
				ASSETCATALOG_COMPILER_APPICON_NAME = AppIcon;
				CODE_SIGN_STYLE = Automatic;
				DEVELOPMENT_TEAM = 3AHZ82SGX3;
				INFOPLIST_FILE = Aweme/Info.plist;
				IPHONEOS_DEPLOYMENT_TARGET = 9.0;
				LD_RUNPATH_SEARCH_PATHS = (
					"$(inherited)",
					"@executable_path/Frameworks",
				);
				PRODUCT_BUNDLE_IDENTIFIER = com.lecco.Aweme;
				PRODUCT_NAME = "$(TARGET_NAME)";
				SWIFT_VERSION = 4.2;
				TARGETED_DEVICE_FAMILY = "1,2";
			};
			name = Debug;
		};
		9BD727B6219EA2B700C0C778 /* Release */ = {
			isa = XCBuildConfiguration;
			baseConfigurationReference = 19100EB3166AAF4161481F99 /* Pods-Aweme.release.xcconfig */;
			buildSettings = {
				ASSETCATALOG_COMPILER_APPICON_NAME = AppIcon;
				CODE_SIGN_STYLE = Automatic;
				DEVELOPMENT_TEAM = 3AHZ82SGX3;
				INFOPLIST_FILE = Aweme/Info.plist;
				IPHONEOS_DEPLOYMENT_TARGET = 9.0;
				LD_RUNPATH_SEARCH_PATHS = (
					"$(inherited)",
					"@executable_path/Frameworks",
				);
				PRODUCT_BUNDLE_IDENTIFIER = com.lecco.Aweme;
				PRODUCT_NAME = "$(TARGET_NAME)";
				SWIFT_VERSION = 4.2;
				TARGETED_DEVICE_FAMILY = "1,2";
			};
			name = Release;
		};
/* End XCBuildConfiguration section */

/* Begin XCConfigurationList section */
		9BD7279D219EA2B400C0C778 /* Build configuration list for PBXProject "Aweme" */ = {
			isa = XCConfigurationList;
			buildConfigurations = (
				9BD727B2219EA2B700C0C778 /* Debug */,
				9BD727B3219EA2B700C0C778 /* Release */,
			);
			defaultConfigurationIsVisible = 0;
			defaultConfigurationName = Release;
		};
		9BD727B4219EA2B700C0C778 /* Build configuration list for PBXNativeTarget "Aweme" */ = {
			isa = XCConfigurationList;
			buildConfigurations = (
				9BD727B5219EA2B700C0C778 /* Debug */,
				9BD727B6219EA2B700C0C778 /* Release */,
			);
			defaultConfigurationIsVisible = 0;
			defaultConfigurationName = Release;
		};
/* End XCConfigurationList section */
	};
	rootObject = 9BD7279A219EA2B400C0C778 /* Project object */;
}
